
Microsoft Visual Studio Solution File, Format Version 12.00
# Visual Studio 15
VisualStudioVersion = 15.0.27130.2026
MinimumVisualStudioVersion = 10.0.40219.1
Project("{FAE04EC0-301F-11D3-BF4B-00C04F79EFBC}") = "FizzBuzz", "FizzBuzz\FizzBuzz.csproj", "{DA31729D-63A7-4F59-85F7-8B0AAA666279}"
EndProject
Global
	GlobalSection(SolutionConfigurationPlatforms) = preSolution
		Debug|Any CPU = Debug|Any CPU
		Release|Any CPU = Release|Any CPU
	EndGlobalSection
	GlobalSection(ProjectConfigurationPlatforms) = postSolution
		{DA31729D-63A7-4F59-85F7-8B0AAA666279}.Debug|Any CPU.ActiveCfg = Debug|Any CPU
		{DA31729D-63A7-4F59-85F7-8B0AAA666279}.Debug|Any CPU.Build.0 = Debug|Any CPU
		{DA31729D-63A7-4F59-85F7-8B0AAA666279}.Release|Any CPU.ActiveCfg = Release|Any CPU
		{DA31729D-63A7-4F59-85F7-8B0AAA666279}.Release|Any CPU.Build.0 = Release|Any CPU
	EndGlobalSection
	GlobalSection(SolutionProperties) = preSolution
		HideSolutionNode = FALSE
	EndGlobalSection
	GlobalSection(ExtensibilityGlobals) = postSolution
		SolutionGuid = {254F9EAB-A081-421D-9108-EE3AF1FC653D}
	EndGlobalSection
EndGlobal
